
Microsoft Visual Studio Solution File, Format Version 12.00
# Visual Studio Version 16
VisualStudioVersion = 16.0.32901.82
MinimumVisualStudioVersion = 10.0.40219.1
Project("{FAE04EC0-301F-11D3-BF4B-00C04F79EFBC}") = "WpfApp1-dz3", "WpfApp1-dz3\WpfApp1-dz3.csproj", "{67C77937-5A07-410D-A8FD-5D4F909307C0}"
EndProject
Global
	GlobalSection(SolutionConfigurationPlatforms) = preSolution
		Debug|Any CPU = Debug|Any CPU
		Release|Any CPU = Release|Any CPU
	EndGlobalSection
	GlobalSection(ProjectConfigurationPlatforms) = postSolution
		{67C77937-5A07-410D-A8FD-5D4F909307C0}.Debug|Any CPU.ActiveCfg = Debug|Any CPU
		{67C77937-5A07-410D-A8FD-5D4F909307C0}.Debug|Any CPU.Build.0 = Debug|Any CPU
		{67C77937-5A07-410D-A8FD-5D4F909307C0}.Release|Any CPU.ActiveCfg = Release|Any CPU
		{67C77937-5A07-410D-A8FD-5D4F909307C0}.Release|Any CPU.Build.0 = Release|Any CPU
	EndGlobalSection
	GlobalSection(SolutionProperties) = preSolution
		HideSolutionNode = FALSE
	EndGlobalSection
	GlobalSection(ExtensibilityGlobals) = postSolution
		SolutionGuid = {E2D6763E-227D-495F-9F85-63B7204208EA}
	EndGlobalSection
EndGlobal
